
Microsoft Visual Studio Solution File, Format Version 12.00
# Visual Studio Version 17
VisualStudioVersion = 17.4.33403.182
MinimumVisualStudioVersion = 10.0.40219.1
Project("{FAE04EC0-301F-11D3-BF4B-00C04F79EFBC}") = "SagaPatternSampleApi", "SagaPatternSampleApi\SagaPatternSampleApi.csproj", "{692F1B3D-B691-473D-970B-0972C45D072B}"
EndProject
Global
	GlobalSection(SolutionConfigurationPlatforms) = preSolution
		Debug|Any CPU = Debug|Any CPU
		Release|Any CPU = Release|Any CPU
	EndGlobalSection
	GlobalSection(ProjectConfigurationPlatforms) = postSolution
		{692F1B3D-B691-473D-970B-0972C45D072B}.Debug|Any CPU.ActiveCfg = Debug|Any CPU
		{692F1B3D-B691-473D-970B-0972C45D072B}.Debug|Any CPU.Build.0 = Debug|Any CPU
		{692F1B3D-B691-473D-970B-0972C45D072B}.Release|Any CPU.ActiveCfg = Release|Any CPU
		{692F1B3D-B691-473D-970B-0972C45D072B}.Release|Any CPU.Build.0 = Release|Any CPU
	EndGlobalSection
	GlobalSection(SolutionProperties) = preSolution
		HideSolutionNode = FALSE
	EndGlobalSection
	GlobalSection(ExtensibilityGlobals) = postSolution
		SolutionGuid = {D0FF0453-218B-4FE7-8C86-73964B0BE005}
	EndGlobalSection
EndGlobal
